
Microsoft Visual Studio Solution File, Format Version 12.00
Project("{FAE04EC0-301F-11D3-BF4B-00C04F79EFBC}") = "SimpleZipDrive", "SimpleZipDrive\SimpleZipDrive.csproj", "{EF52DC19-DEBC-42FF-A64B-DD48F3968F6B}"
EndProject
Project("{FAE04EC0-301F-11D3-BF4B-00C04F79EFBC}") = "SimpleZipDrive.Tests", "SimpleZipDrive.Tests\SimpleZipDrive.Tests.csproj", "{BE0CEBB9-0F39-4F11-973F-82C366CC6759}"
EndProject
Project("{FAE04EC0-301F-11D3-BF4B-00C04F79EFBC}") = "FileBenchmark", "FileBenchmark\FileBenchmark.csproj", "{F26559A7-D378-4D6C-B47A-803609D94F76}"
EndProject
Global
	GlobalSection(SolutionConfigurationPlatforms) = preSolution
		Debug|Any CPU = Debug|Any CPU
		Debug|x64 = Debug|x64
		Debug|x86 = Debug|x86
		Release|Any CPU = Release|Any CPU
		Release|x64 = Release|x64
		Release|x86 = Release|x86
	EndGlobalSection
	GlobalSection(ProjectConfigurationPlatforms) = postSolution
		{EF52DC19-DEBC-42FF-A64B-DD48F3968F6B}.Debug|Any CPU.ActiveCfg = Debug|Any CPU
		{EF52DC19-DEBC-42FF-A64B-DD48F3968F6B}.Debug|Any CPU.Build.0 = Debug|Any CPU
		{EF52DC19-DEBC-42FF-A64B-DD48F3968F6B}.Debug|x64.ActiveCfg = Debug|Any CPU
		{EF52DC19-DEBC-42FF-A64B-DD48F3968F6B}.Debug|x64.Build.0 = Debug|Any CPU
		{EF52DC19-DEBC-42FF-A64B-DD48F3968F6B}.Debug|x86.ActiveCfg = Debug|Any CPU
		{EF52DC19-DEBC-42FF-A64B-DD48F3968F6B}.Debug|x86.Build.0 = Debug|Any CPU
		{EF52DC19-DEBC-42FF-A64B-DD48F3968F6B}.Release|Any CPU.ActiveCfg = Release|Any CPU
		{EF52DC19-DEBC-42FF-A64B-DD48F3968F6B}.Release|Any CPU.Build.0 = Release|Any CPU
		{EF52DC19-DEBC-42FF-A64B-DD48F3968F6B}.Release|x64.ActiveCfg = Release|Any CPU
		{EF52DC19-DEBC-42FF-A64B-DD48F3968F6B}.Release|x64.Build.0 = Release|Any CPU
		{EF52DC19-DEBC-42FF-A64B-DD48F3968F6B}.Release|x86.ActiveCfg = Release|Any CPU
		{EF52DC19-DEBC-42FF-A64B-DD48F3968F6B}.Release|x86.Build.0 = Release|Any CPU
		{BE0CEBB9-0F39-4F11-973F-82C366CC6759}.Debug|Any CPU.ActiveCfg = Debug|Any CPU
		{BE0CEBB9-0F39-4F11-973F-82C366CC6759}.Debug|Any CPU.Build.0 = Debug|Any CPU
		{BE0CEBB9-0F39-4F11-973F-82C366CC6759}.Debug|x64.ActiveCfg = Debug|Any CPU
		{BE0CEBB9-0F39-4F11-973F-82C366CC6759}.Debug|x64.Build.0 = Debug|Any CPU
		{BE0CEBB9-0F39-4F11-973F-82C366CC6759}.Debug|x86.ActiveCfg = Debug|Any CPU
		{BE0CEBB9-0F39-4F11-973F-82C366CC6759}.Debug|x86.Build.0 = Debug|Any CPU
		{BE0CEBB9-0F39-4F11-973F-82C366CC6759}.Release|Any CPU.ActiveCfg = Release|Any CPU
		{BE0CEBB9-0F39-4F11-973F-82C366CC6759}.Release|Any CPU.Build.0 = Release|Any CPU
		{BE0CEBB9-0F39-4F11-973F-82C366CC6759}.Release|x64.ActiveCfg = Release|Any CPU
		{BE0CEBB9-0F39-4F11-973F-82C366CC6759}.Release|x64.Build.0 = Release|Any CPU
		{BE0CEBB9-0F39-4F11-973F-82C366CC6759}.Release|x86.ActiveCfg = Release|Any CPU
		{BE0CEBB9-0F39-4F11-973F-82C366CC6759}.Release|x86.Build.0 = Release|Any CPU
		{F26559A7-D378-4D6C-B47A-803609D94F76}.Debug|Any CPU.ActiveCfg = Debug|Any CPU
		{F26559A7-D378-4D6C-B47A-803609D94F76}.Debug|Any CPU.Build.0 = Debug|Any CPU
		{F26559A7-D378-4D6C-B47A-803609D94F76}.Debug|x64.ActiveCfg = Debug|Any CPU
		{F26559A7-D378-4D6C-B47A-803609D94F76}.Debug|x64.Build.0 = Debug|Any CPU
		{F26559A7-D378-4D6C-B47A-803609D94F76}.Debug|x86.ActiveCfg = Debug|Any CPU
		{F26559A7-D378-4D6C-B47A-803609D94F76}.Debug|x86.Build.0 = Debug|Any CPU
		{F26559A7-D378-4D6C-B47A-803609D94F76}.Release|Any CPU.ActiveCfg = Release|Any CPU
		{F26559A7-D378-4D6C-B47A-803609D94F76}.Release|Any CPU.Build.0 = Release|Any CPU
		{F26559A7-D378-4D6C-B47A-803609D94F76}.Release|x64.ActiveCfg = Release|Any CPU
		{F26559A7-D378-4D6C-B47A-803609D94F76}.Release|x64.Build.0 = Release|Any CPU
		{F26559A7-D378-4D6C-B47A-803609D94F76}.Release|x86.ActiveCfg = Release|Any CPU
		{F26559A7-D378-4D6C-B47A-803609D94F76}.Release|x86.Build.0 = Release|Any CPU
	EndGlobalSection
	GlobalSection(SolutionProperties) = preSolution
		HideSolutionNode = FALSE
	EndGlobalSection
EndGlobal
